Microsoft Visual Studio Solution File, Format Version 12.00
# Visual Studio Version 17
VisualStudioVersion = 17.0.31903.59
MinimumVisualStudioVersion = 10.0.40219.1
Project("{FAE04EC0-301F-11D3-BF4B-00C04F79EFBC}") = "PowerSDR", "Console\PowerSDR.csproj", "{831AEB2F-CA78-4057-85D7-32B4816ED6AE}"
	ProjectSection(ProjectDependencies) = postProject
		{BBD70852-1A81-4232-B094-C87BEDE243C9} = {BBD70852-1A81-4232-B094-C87BEDE243C9}
		{E8E40DF8-8A3B-422D-B7A1-44BB036F4994} = {E8E40DF8-8A3B-422D-B7A1-44BB036F4994}
	EndProjectSection
EndProject
Project("{8BC9CEB8-8B4A-11D0-8D11-00A0C91BC942}") = "DttSP", "DttSP\DttSP.vcxproj", "{E8E40DF8-8A3B-422D-B7A1-44BB036F4994}"
EndProject
Project("{8BC9CEB8-8B4A-11D0-8D11-00A0C91BC942}") = "PowerMate", "PowerMate\PowerMate.vcxproj", "{BBD70852-1A81-4232-B094-C87BEDE243C9}"
EndProject
Global
	GlobalSection(SolutionConfigurationPlatforms) = preSolution
		Debug|Any CPU = Debug|Any CPU
		Debug|ARM = Debug|ARM
		Debug|Mixed Platforms = Debug|Mixed Platforms
		Debug|Win32 = Debug|Win32
		Debug|x64 = Debug|x64
		Debug|x86 = Debug|x86
		Interleaved|Any CPU = Interleaved|Any CPU
		Interleaved|ARM = Interleaved|ARM
		Interleaved|Mixed Platforms = Interleaved|Mixed Platforms
		Interleaved|Win32 = Interleaved|Win32
		Interleaved|x64 = Interleaved|x64
		Interleaved|x86 = Interleaved|x86
		Release|Any CPU = Release|Any CPU
		Release|ARM = Release|ARM
		Release|Mixed Platforms = Release|Mixed Platforms
		Release|Win32 = Release|Win32
		Release|x64 = Release|x64
		Release|x86 = Release|x86
	EndGlobalSection
	GlobalSection(ProjectConfigurationPlatforms) = postSolution
		{831AEB2F-CA78-4057-85D7-32B4816ED6AE}.Debug|Any CPU.ActiveCfg = Debug|Any CPU
		{831AEB2F-CA78-4057-85D7-32B4816ED6AE}.Debug|Any CPU.Build.0 = Debug|Any CPU
		{831AEB2F-CA78-4057-85D7-32B4816ED6AE}.Debug|ARM.ActiveCfg = Debug|Any CPU
		{831AEB2F-CA78-4057-85D7-32B4816ED6AE}.Debug|ARM.Build.0 = Debug|Any CPU
		{831AEB2F-CA78-4057-85D7-32B4816ED6AE}.Debug|Mixed Platforms.ActiveCfg = Debug|Any CPU
		{831AEB2F-CA78-4057-85D7-32B4816ED6AE}.Debug|Mixed Platforms.Build.0 = Debug|Any CPU
		{831AEB2F-CA78-4057-85D7-32B4816ED6AE}.Debug|Win32.ActiveCfg = Debug|Any CPU
		{831AEB2F-CA78-4057-85D7-32B4816ED6AE}.Debug|Win32.Build.0 = Debug|Any CPU
		{831AEB2F-CA78-4057-85D7-32B4816ED6AE}.Debug|x64.ActiveCfg = Debug|Any CPU
		{831AEB2F-CA78-4057-85D7-32B4816ED6AE}.Debug|x86.ActiveCfg = Debug|x86
		{831AEB2F-CA78-4057-85D7-32B4816ED6AE}.Debug|x86.Build.0 = Debug|x86
		{831AEB2F-CA78-4057-85D7-32B4816ED6AE}.Interleaved|Any CPU.ActiveCfg = Release|Any CPU
		{831AEB2F-CA78-4057-85D7-32B4816ED6AE}.Interleaved|Any CPU.Build.0 = Release|Any CPU
		{831AEB2F-CA78-4057-85D7-32B4816ED6AE}.Interleaved|ARM.ActiveCfg = Release|Any CPU
		{831AEB2F-CA78-4057-85D7-32B4816ED6AE}.Interleaved|ARM.Build.0 = Release|Any CPU
		{831AEB2F-CA78-4057-85D7-32B4816ED6AE}.Interleaved|Mixed Platforms.ActiveCfg = Release|Any CPU
		{831AEB2F-CA78-4057-85D7-32B4816ED6AE}.Interleaved|Mixed Platforms.Build.0 = Release|Any CPU
		{831AEB2F-CA78-4057-85D7-32B4816ED6AE}.Interleaved|Win32.ActiveCfg = Release|Any CPU
		{831AEB2F-CA78-4057-85D7-32B4816ED6AE}.Interleaved|Win32.Build.0 = Release|Any CPU
		{831AEB2F-CA78-4057-85D7-32B4816ED6AE}.Interleaved|x64.ActiveCfg = Release|Any CPU
		{831AEB2F-CA78-4057-85D7-32B4816ED6AE}.Interleaved|x64.Build.0 = Release|Any CPU
		{831AEB2F-CA78-4057-85D7-32B4816ED6AE}.Interleaved|x86.ActiveCfg = Release|x86
		{831AEB2F-CA78-4057-85D7-32B4816ED6AE}.Interleaved|x86.Build.0 = Release|x86
		{831AEB2F-CA78-4057-85D7-32B4816ED6AE}.Release|Any CPU.ActiveCfg = Release|x86
		{831AEB2F-CA78-4057-85D7-32B4816ED6AE}.Release|Any CPU.Build.0 = Release|x86
		{831AEB2F-CA78-4057-85D7-32B4816ED6AE}.Release|ARM.ActiveCfg = Release|Any CPU
		{831AEB2F-CA78-4057-85D7-32B4816ED6AE}.Release|ARM.Build.0 = Release|Any CPU
		{831AEB2F-CA78-4057-85D7-32B4816ED6AE}.Release|Mixed Platforms.ActiveCfg = Release|Any CPU
		{831AEB2F-CA78-4057-85D7-32B4816ED6AE}.Release|Mixed Platforms.Build.0 = Release|Any CPU
		{831AEB2F-CA78-4057-85D7-32B4816ED6AE}.Release|Win32.ActiveCfg = Release|x86
		{831AEB2F-CA78-4057-85D7-32B4816ED6AE}.Release|Win32.Build.0 = Release|x86
		{831AEB2F-CA78-4057-85D7-32B4816ED6AE}.Release|x64.ActiveCfg = Release|Any CPU
		{831AEB2F-CA78-4057-85D7-32B4816ED6AE}.Release|x86.ActiveCfg = Release|Any CPU
		{831AEB2F-CA78-4057-85D7-32B4816ED6AE}.Release|x86.Build.0 = Release|Any CPU
		{E8E40DF8-8A3B-422D-B7A1-44BB036F4994}.Debug|Any CPU.ActiveCfg = Debug|Win32
		{E8E40DF8-8A3B-422D-B7A1-44BB036F4994}.Debug|ARM.ActiveCfg = Debug|ARM
		{E8E40DF8-8A3B-422D-B7A1-44BB036F4994}.Debug|ARM.Build.0 = Debug|ARM
		{E8E40DF8-8A3B-422D-B7A1-44BB036F4994}.Debug|Mixed Platforms.ActiveCfg = Debug|Win32
		{E8E40DF8-8A3B-422D-B7A1-44BB036F4994}.Debug|Mixed Platforms.Build.0 = Debug|Win32
		{E8E40DF8-8A3B-422D-B7A1-44BB036F4994}.Debug|Win32.ActiveCfg = Debug|Win32
		{E8E40DF8-8A3B-422D-B7A1-44BB036F4994}.Debug|Win32.Build.0 = Debug|Win32
		{E8E40DF8-8A3B-422D-B7A1-44BB036F4994}.Debug|x64.ActiveCfg = Debug|Win32
		{E8E40DF8-8A3B-422D-B7A1-44BB036F4994}.Debug|x86.ActiveCfg = Debug|Win32
		{E8E40DF8-8A3B-422D-B7A1-44BB036F4994}.Debug|x86.Build.0 = Debug|Win32
		{E8E40DF8-8A3B-422D-B7A1-44BB036F4994}.Interleaved|Any CPU.ActiveCfg = Release|Win32
		{E8E40DF8-8A3B-422D-B7A1-44BB036F4994}.Interleaved|Any CPU.Build.0 = Release|Win32
		{E8E40DF8-8A3B-422D-B7A1-44BB036F4994}.Interleaved|ARM.ActiveCfg = Release|ARM
		{E8E40DF8-8A3B-422D-B7A1-44BB036F4994}.Interleaved|ARM.Build.0 = Release|ARM
		{E8E40DF8-8A3B-422D-B7A1-44BB036F4994}.Interleaved|Mixed Platforms.ActiveCfg = Release|Win32
		{E8E40DF8-8A3B-422D-B7A1-44BB036F4994}.Interleaved|Mixed Platforms.Build.0 = Release|Win32
		{E8E40DF8-8A3B-422D-B7A1-44BB036F4994}.Interleaved|Win32.ActiveCfg = Release|Win32
		{E8E40DF8-8A3B-422D-B7A1-44BB036F4994}.Interleaved|Win32.Build.0 = Release|Win32
		{E8E40DF8-8A3B-422D-B7A1-44BB036F4994}.Interleaved|x64.ActiveCfg = Release|Win32
		{E8E40DF8-8A3B-422D-B7A1-44BB036F4994}.Interleaved|x64.Build.0 = Release|Win32
		{E8E40DF8-8A3B-422D-B7A1-44BB036F4994}.Interleaved|x86.ActiveCfg = Release|Win32
		{E8E40DF8-8A3B-422D-B7A1-44BB036F4994}.Interleaved|x86.Build.0 = Release|Win32
		{E8E40DF8-8A3B-422D-B7A1-44BB036F4994}.Release|Any CPU.ActiveCfg = Release|Win32
		{E8E40DF8-8A3B-422D-B7A1-44BB036F4994}.Release|ARM.ActiveCfg = Release|ARM
		{E8E40DF8-8A3B-422D-B7A1-44BB036F4994}.Release|ARM.Build.0 = Release|ARM
		{E8E40DF8-8A3B-422D-B7A1-44BB036F4994}.Release|Mixed Platforms.ActiveCfg = Release|Win32
		{E8E40DF8-8A3B-422D-B7A1-44BB036F4994}.Release|Win32.ActiveCfg = Release|Win32
		{E8E40DF8-8A3B-422D-B7A1-44BB036F4994}.Release|x64.ActiveCfg = Release|x64
		{E8E40DF8-8A3B-422D-B7A1-44BB036F4994}.Release|x86.ActiveCfg = Release|Win32
		{E8E40DF8-8A3B-422D-B7A1-44BB036F4994}.Release|x86.Build.0 = Release|Win32
		{BBD70852-1A81-4232-B094-C87BEDE243C9}.Debug|Any CPU.ActiveCfg = Debug|Win32
		{BBD70852-1A81-4232-B094-C87BEDE243C9}.Debug|ARM.ActiveCfg = Debug|Win32
		{BBD70852-1A81-4232-B094-C87BEDE243C9}.Debug|Mixed Platforms.ActiveCfg = Debug|Win32
		{BBD70852-1A81-4232-B094-C87BEDE243C9}.Debug|Mixed Platforms.Build.0 = Debug|Win32
		{BBD70852-1A81-4232-B094-C87BEDE243C9}.Debug|Win32.ActiveCfg = Debug|Win32
		{BBD70852-1A81-4232-B094-C87BEDE243C9}.Debug|Win32.Build.0 = Debug|Win32
		{BBD70852-1A81-4232-B094-C87BEDE243C9}.Debug|x64.ActiveCfg = Debug|Win32
		{BBD70852-1A81-4232-B094-C87BEDE243C9}.Debug|x86.ActiveCfg = Debug|Win32
		{BBD70852-1A81-4232-B094-C87BEDE243C9}.Debug|x86.Build.0 = Debug|Win32
		{BBD70852-1A81-4232-B094-C87BEDE243C9}.Interleaved|Any CPU.ActiveCfg = Release|Win32
		{BBD70852-1A81-4232-B094-C87BEDE243C9}.Interleaved|Any CPU.Build.0 = Release|Win32
		{BBD70852-1A81-4232-B094-C87BEDE243C9}.Interleaved|ARM.ActiveCfg = Release|Win32
		{BBD70852-1A81-4232-B094-C87BEDE243C9}.Interleaved|ARM.Build.0 = Release|Win32
		{BBD70852-1A81-4232-B094-C87BEDE243C9}.Interleaved|Mixed Platforms.ActiveCfg = Release|Win32
		{BBD70852-1A81-4232-B094-C87BEDE243C9}.Interleaved|Mixed Platforms.Build.0 = Release|Win32
		{BBD70852-1A81-4232-B094-C87BEDE243C9}.Interleaved|Win32.ActiveCfg = Release|Win32
		{BBD70852-1A81-4232-B094-C87BEDE243C9}.Interleaved|Win32.Build.0 = Release|Win32
		{BBD70852-1A81-4232-B094-C87BEDE243C9}.Interleaved|x64.ActiveCfg = Release|Win32
		{BBD70852-1A81-4232-B094-C87BEDE243C9}.Interleaved|x64.Build.0 = Release|Win32
		{BBD70852-1A81-4232-B094-C87BEDE243C9}.Interleaved|x86.ActiveCfg = Release|Win32
		{BBD70852-1A81-4232-B094-C87BEDE243C9}.Interleaved|x86.Build.0 = Release|Win32
		{BBD70852-1A81-4232-B094-C87BEDE243C9}.Release|Any CPU.ActiveCfg = Release|Win32
		{BBD70852-1A81-4232-B094-C87BEDE243C9}.Release|ARM.ActiveCfg = Release|Win32
		{BBD70852-1A81-4232-B094-C87BEDE243C9}.Release|Mixed Platforms.ActiveCfg = Release|Win32
		{BBD70852-1A81-4232-B094-C87BEDE243C9}.Release|Mixed Platforms.Build.0 = Release|Win32
		{BBD70852-1A81-4232-B094-C87BEDE243C9}.Release|Win32.ActiveCfg = Release|Win32
		{BBD70852-1A81-4232-B094-C87BEDE243C9}.Release|x64.ActiveCfg = Release|x64
		{BBD70852-1A81-4232-B094-C87BEDE243C9}.Release|x86.ActiveCfg = Release|Win32
		{BBD70852-1A81-4232-B094-C87BEDE243C9}.Release|x86.Build.0 = Release|Win32
	EndGlobalSection
	GlobalSection(SolutionProperties) = preSolution
		HideSolutionNode = FALSE
	EndGlobalSection
	GlobalSection(ExtensibilityGlobals) = postSolution
		SolutionGuid = {A43F7D75-3B4C-41C3-B58E-B54C3228ACBF}
	EndGlobalSection
	GlobalSection(Performance) = preSolution
		HasPerformanceSessions = true
	EndGlobalSection
	GlobalSection(Performance) = preSolution
		HasPerformanceSessions = true
	EndGlobalSection
EndGlobal
